
Microsoft Visual Studio Solution File, Format Version 12.00
Project("{FAE04EC0-301F-11D3-BF4B-00C04F79EFBC}") = "Mastermind", "Mastermind\Mastermind.csproj", "{C45E990C-8A36-4330-88FD-883A6EFC746D}"
EndProject
Global
	GlobalSection(SolutionConfigurationPlatforms) = preSolution
		Debug|Any CPU = Debug|Any CPU
		Release|Any CPU = Release|Any CPU
	EndGlobalSection
	GlobalSection(ProjectConfigurationPlatforms) = postSolution
		{C45E990C-8A36-4330-88FD-883A6EFC746D}.Debug|Any CPU.ActiveCfg = Debug|Any CPU
		{C45E990C-8A36-4330-88FD-883A6EFC746D}.Debug|Any CPU.Build.0 = Debug|Any CPU
		{C45E990C-8A36-4330-88FD-883A6EFC746D}.Release|Any CPU.ActiveCfg = Release|Any CPU
		{C45E990C-8A36-4330-88FD-883A6EFC746D}.Release|Any CPU.Build.0 = Release|Any CPU
	EndGlobalSection
EndGlobal
